
Microsoft Visual Studio Solution File, Format Version 12.00
# Visual Studio 14
VisualStudioVersion = 14.0.25420.1
MinimumVisualStudioVersion = 10.0.40219.1
Project("{8BC9CEB8-8B4A-11D0-8D11-00A0C91BC942}") = "client", "src\apps\client\client.vcxproj", "{D0100874-4D7E-49FD-9CD6-BF66578962FD}"
	ProjectSection(ProjectDependencies) = postProject
		{07CE9E74-2C56-4379-88C5-A7086A8DBCD5} = {07CE9E74-2C56-4379-88C5-A7086A8DBCD5}
	EndProjectSection
EndProject
Project("{8BC9CEB8-8B4A-11D0-8D11-00A0C91BC942}") = "server", "src\apps\server\server.vcxproj", "{D8E72A12-90E3-4C20-A725-16662DB439CA}"
	ProjectSection(ProjectDependencies) = postProject
		{07CE9E74-2C56-4379-88C5-A7086A8DBCD5} = {07CE9E74-2C56-4379-88C5-A7086A8DBCD5}
	EndProjectSection
EndProject
Project("{2150E333-8FDC-42A3-9474-1A3956D46DE8}") = "apps", "apps", "{03909E62-0FD5-44B3-8553-AA6B4A8C07DE}"
EndProject
Project("{2150E333-8FDC-42A3-9474-1A3956D46DE8}") = "libs", "libs", "{F93E11B6-8D8F-4DF8-B2C9-51F116FF48E4}"
EndProject
Project("{8BC9CEB8-8B4A-11D0-8D11-00A0C91BC942}") = "network", "src\libs\network\network.vcxproj", "{07CE9E74-2C56-4379-88C5-A7086A8DBCD5}"
EndProject
Project("{2150E333-8FDC-42A3-9474-1A3956D46DE8}") = "config", "config", "{39BBC6EA-B9B3-4DE3-82EB-FADA8FC8761B}"
	ProjectSection(SolutionItems) = preProject
		make-all.sh = make-all.sh
	EndProjectSection
EndProject
Global
	GlobalSection(SolutionConfigurationPlatforms) = preSolution
		Debug|x64 = Debug|x64
		Debug|x86 = Debug|x86
		Release|x64 = Release|x64
		Release|x86 = Release|x86
	EndGlobalSection
	GlobalSection(ProjectConfigurationPlatforms) = postSolution
		{D0100874-4D7E-49FD-9CD6-BF66578962FD}.Debug|x64.ActiveCfg = Debug|x64
		{D0100874-4D7E-49FD-9CD6-BF66578962FD}.Debug|x64.Build.0 = Debug|x64
		{D0100874-4D7E-49FD-9CD6-BF66578962FD}.Debug|x86.ActiveCfg = Debug|Win32
		{D0100874-4D7E-49FD-9CD6-BF66578962FD}.Debug|x86.Build.0 = Debug|Win32
		{D0100874-4D7E-49FD-9CD6-BF66578962FD}.Release|x64.ActiveCfg = Release|x64
		{D0100874-4D7E-49FD-9CD6-BF66578962FD}.Release|x64.Build.0 = Release|x64
		{D0100874-4D7E-49FD-9CD6-BF66578962FD}.Release|x86.ActiveCfg = Release|Win32
		{D0100874-4D7E-49FD-9CD6-BF66578962FD}.Release|x86.Build.0 = Release|Win32
		{D8E72A12-90E3-4C20-A725-16662DB439CA}.Debug|x64.ActiveCfg = Debug|x64
		{D8E72A12-90E3-4C20-A725-16662DB439CA}.Debug|x64.Build.0 = Debug|x64
		{D8E72A12-90E3-4C20-A725-16662DB439CA}.Debug|x86.ActiveCfg = Debug|Win32
		{D8E72A12-90E3-4C20-A725-16662DB439CA}.Debug|x86.Build.0 = Debug|Win32
		{D8E72A12-90E3-4C20-A725-16662DB439CA}.Release|x64.ActiveCfg = Release|x64
		{D8E72A12-90E3-4C20-A725-16662DB439CA}.Release|x64.Build.0 = Release|x64
		{D8E72A12-90E3-4C20-A725-16662DB439CA}.Release|x86.ActiveCfg = Release|Win32
		{D8E72A12-90E3-4C20-A725-16662DB439CA}.Release|x86.Build.0 = Release|Win32
		{07CE9E74-2C56-4379-88C5-A7086A8DBCD5}.Debug|x64.ActiveCfg = Debug|x64
		{07CE9E74-2C56-4379-88C5-A7086A8DBCD5}.Debug|x64.Build.0 = Debug|x64
		{07CE9E74-2C56-4379-88C5-A7086A8DBCD5}.Debug|x86.ActiveCfg = Debug|Win32
		{07CE9E74-2C56-4379-88C5-A7086A8DBCD5}.Debug|x86.Build.0 = Debug|Win32
		{07CE9E74-2C56-4379-88C5-A7086A8DBCD5}.Release|x64.ActiveCfg = Release|x64
		{07CE9E74-2C56-4379-88C5-A7086A8DBCD5}.Release|x64.Build.0 = Release|x64
		{07CE9E74-2C56-4379-88C5-A7086A8DBCD5}.Release|x86.ActiveCfg = Release|Win32
		{07CE9E74-2C56-4379-88C5-A7086A8DBCD5}.Release|x86.Build.0 = Release|Win32
	EndGlobalSection
	GlobalSection(SolutionProperties) = preSolution
		HideSolutionNode = FALSE
	EndGlobalSection
	GlobalSection(NestedProjects) = preSolution
		{D0100874-4D7E-49FD-9CD6-BF66578962FD} = {03909E62-0FD5-44B3-8553-AA6B4A8C07DE}
		{D8E72A12-90E3-4C20-A725-16662DB439CA} = {03909E62-0FD5-44B3-8553-AA6B4A8C07DE}
		{07CE9E74-2C56-4379-88C5-A7086A8DBCD5} = {F93E11B6-8D8F-4DF8-B2C9-51F116FF48E4}
	EndGlobalSection
EndGlobal
