
Microsoft Visual Studio Solution File, Format Version 12.00
# Visual Studio 15
VisualStudioVersion = 15.0.27703.2047
MinimumVisualStudioVersion = 10.0.40219.1
Project("{8BC9CEB8-8B4A-11D0-8D11-00A0C91BC942}") = "TestArgs", "TestArgs\TestArgs.vcxproj", "{725E31B5-7F10-4883-B3E4-72A24A74CC5E}"
EndProject
Global
	GlobalSection(SolutionConfigurationPlatforms) = preSolution
		Debug|x64 = Debug|x64
		Debug|x86 = Debug|x86
		Release|x64 = Release|x64
		Release|x86 = Release|x86
	EndGlobalSection
	GlobalSection(ProjectConfigurationPlatforms) = postSolution
		{725E31B5-7F10-4883-B3E4-72A24A74CC5E}.Debug|x64.ActiveCfg = Debug|x64
		{725E31B5-7F10-4883-B3E4-72A24A74CC5E}.Debug|x64.Build.0 = Debug|x64
		{725E31B5-7F10-4883-B3E4-72A24A74CC5E}.Debug|x86.ActiveCfg = Debug|Win32
		{725E31B5-7F10-4883-B3E4-72A24A74CC5E}.Debug|x86.Build.0 = Debug|Win32
		{725E31B5-7F10-4883-B3E4-72A24A74CC5E}.Release|x64.ActiveCfg = Release|x64
		{725E31B5-7F10-4883-B3E4-72A24A74CC5E}.Release|x64.Build.0 = Release|x64
		{725E31B5-7F10-4883-B3E4-72A24A74CC5E}.Release|x86.ActiveCfg = Release|Win32
		{725E31B5-7F10-4883-B3E4-72A24A74CC5E}.Release|x86.Build.0 = Release|Win32
	EndGlobalSection
	GlobalSection(SolutionProperties) = preSolution
		HideSolutionNode = FALSE
	EndGlobalSection
	GlobalSection(ExtensibilityGlobals) = postSolution
		SolutionGuid = {6F82FE4D-9BD4-46A8-A738-C6FF9F26E2A5}
	EndGlobalSection
EndGlobal
